
Microsoft Visual Studio Solution File, Format Version 12.00
# Visual Studio Version 16
VisualStudioVersion = 16.0.33423.256
MinimumVisualStudioVersion = 10.0.40219.1
Project("{FAE04EC0-301F-11D3-BF4B-00C04F79EFBC}") = "Homework_number_20", "Homework_number_20\Homework_number_20.csproj", "{0C76909F-2DCD-44AC-BD36-44997367067C}"
EndProject
Global
	GlobalSection(SolutionConfigurationPlatforms) = preSolution
		Debug|Any CPU = Debug|Any CPU
		Release|Any CPU = Release|Any CPU
	EndGlobalSection
	GlobalSection(ProjectConfigurationPlatforms) = postSolution
		{0C76909F-2DCD-44AC-BD36-44997367067C}.Debug|Any CPU.ActiveCfg = Debug|Any CPU
		{0C76909F-2DCD-44AC-BD36-44997367067C}.Debug|Any CPU.Build.0 = Debug|Any CPU
		{0C76909F-2DCD-44AC-BD36-44997367067C}.Release|Any CPU.ActiveCfg = Release|Any CPU
		{0C76909F-2DCD-44AC-BD36-44997367067C}.Release|Any CPU.Build.0 = Release|Any CPU
	EndGlobalSection
	GlobalSection(SolutionProperties) = preSolution
		HideSolutionNode = FALSE
	EndGlobalSection
	GlobalSection(ExtensibilityGlobals) = postSolution
		SolutionGuid = {AC9C5BCE-3454-4335-9394-72D305C48412}
	EndGlobalSection
EndGlobal
